// !$*UTF8*$!
{
	archiveVersion = 1;
	classes = {
	};
	objectVersion = 46;
	objects = {

/* Begin PBXBuildFile section */
		9044FD8D1D50DE03008AB479 /* AppDelegate.swift in Sources */ = {isa = PBXBuildFile; fileRef = 9044FD8C1D50DE03008AB479 /* AppDelegate.swift */; };
		9044FD8F1D50DE03008AB479 /* CurrentLocationViewController.swift in Sources */ = {isa = PBXBuildFile; fileRef = 9044FD8E1D50DE03008AB479 /* CurrentLocationViewController.swift */; };
		9044FD941D50DE03008AB479 /* Main.storyboard in Resources */ = {isa = PBXBuildFile; fileRef = 9044FD921D50DE03008AB479 /* Main.storyboard */; };
		9044FD961D50DE03008AB479 /* Assets.xcassets in Resources */ = {isa = PBXBuildFile; fileRef = 9044FD951D50DE03008AB479 /* Assets.xcassets */; };
		9044FD991D50DE03008AB479 /* LaunchScreen.storyboard in Resources */ = {isa = PBXBuildFile; fileRef = 9044FD971D50DE03008AB479 /* LaunchScreen.storyboard */; };
		90566CF81D5BACDF006427B3 /* HudView.swift in Sources */ = {isa = PBXBuildFile; fileRef = 90566CF71D5BACDF006427B3 /* HudView.swift */; };
		9056B1F01D6603620094FE8D /* MapKit.framework in Frameworks */ = {isa = PBXBuildFile; fileRef = 9056B1EF1D6603620094FE8D /* MapKit.framework */; };
		9056B1F21D6603C20094FE8D /* MapViewController.swift in Sources */ = {isa = PBXBuildFile; fileRef = 9056B1F11D6603C20094FE8D /* MapViewController.swift */; };
		9056B2061D6F3F1C0094FE8D /* UIImage+Resize.swift in Sources */ = {isa = PBXBuildFile; fileRef = 9056B2051D6F3F1C0094FE8D /* UIImage+Resize.swift */; };
		9056B2081D6F514C0094FE8D /* String+AddText.swift in Sources */ = {isa = PBXBuildFile; fileRef = 9056B2071D6F514C0094FE8D /* String+AddText.swift */; };
		905F7C7E1D526F28005E02EB /* LocationDetailsViewController.swift in Sources */ = {isa = PBXBuildFile; fileRef = 905F7C7D1D526F28005E02EB /* LocationDetailsViewController.swift */; };
		906B16951D6236AB00513F3A /* Functions.swift in Sources */ = {isa = PBXBuildFile; fileRef = 906B16941D6236AB00513F3A /* Functions.swift */; };
		906B16991D623CFE00513F3A /* DataModel.xcdatamodeld in Sources */ = {isa = PBXBuildFile; fileRef = 906B16971D623CFE00513F3A /* DataModel.xcdatamodeld */; };
		906B169C1D623F9300513F3A /* Location+CoreDataProperties.swift in Sources */ = {isa = PBXBuildFile; fileRef = 906B169A1D623F9300513F3A /* Location+CoreDataProperties.swift */; };
		906B169D1D623F9300513F3A /* Location.swift in Sources */ = {isa = PBXBuildFile; fileRef = 906B169B1D623F9300513F3A /* Location.swift */; };
		90AE35B71D6498B800325CCA /* LocationsViewController.swift in Sources */ = {isa = PBXBuildFile; fileRef = 90AE35B61D6498B800325CCA /* LocationsViewController.swift */; };
		90AE35B91D64A0EE00325CCA /* LocationCell.swift in Sources */ = {isa = PBXBuildFile; fileRef = 90AE35B81D64A0EE00325CCA /* LocationCell.swift */; };
		90CB2F9F1D58F77A00065CE6 /* CategoryPickerViewController.swift in Sources */ = {isa = PBXBuildFile; fileRef = 90CB2F9E1D58F77A00065CE6 /* CategoryPickerViewController.swift */; };
/* End PBXBuildFile section */

/* Begin PBXFileReference section */
		9044FD891D50DE03008AB479 /* MyLocations.app */ = {isa = PBXFileReference; explicitFileType = wrapper.application; includeInIndex = 0; path = MyLocations.app; sourceTree = BUILT_PRODUCTS_DIR; };
		9044FD8C1D50DE03008AB479 /* AppDelegate.swift */ = {isa = PBXFileReference; lastKnownFileType = sourcecode.swift; path = AppDelegate.swift; sourceTree = "<group>"; };
		9044FD8E1D50DE03008AB479 /* CurrentLocationViewController.swift */ = {isa = PBXFileReference; lastKnownFileType = sourcecode.swift; path = CurrentLocationViewController.swift; sourceTree = "<group>"; };
		9044FD931D50DE03008AB479 /* Base */ = {isa = PBXFileReference; lastKnownFileType = file.storyboard; name = Base; path = Base.lproj/Main.storyboard; sourceTree = "<group>"; };
		9044FD951D50DE03008AB479 /* Assets.xcassets */ = {isa = PBXFileReference; lastKnownFileType = folder.assetcatalog; path = Assets.xcassets; sourceTree = "<group>"; };
		9044FD981D50DE03008AB479 /* Base */ = {isa = PBXFileReference; lastKnownFileType = file.storyboard; name = Base; path = Base.lproj/LaunchScreen.storyboard; sourceTree = "<group>"; };
		9044FD9A1D50DE03008AB479 /* Info.plist */ = {isa = PBXFileReference; lastKnownFileType = text.plist.xml; path = Info.plist; sourceTree = "<group>"; };
		90566CF71D5BACDF006427B3 /* HudView.swift */ = {isa = PBXFileReference; fileEncoding = 4; lastKnownFileType = sourcecode.swift; path = HudView.swift; sourceTree = "<group>"; };
		9056B1EF1D6603620094FE8D /* MapKit.framework */ = {isa = PBXFileReference; lastKnownFileType = wrapper.framework; name = MapKit.framework; path = System/Library/Frameworks/MapKit.framework; sourceTree = SDKROOT; };
		9056B1F11D6603C20094FE8D /* MapViewController.swift */ = {isa = PBXFileReference; fileEncoding = 4; lastKnownFileType = sourcecode.swift; path = MapViewController.swift; sourceTree = "<group>"; };
		9056B2051D6F3F1C0094FE8D /* UIImage+Resize.swift */ = {isa = PBXFileReference; fileEncoding = 4; lastKnownFileType = sourcecode.swift; path = "UIImage+Resize.swift"; sourceTree = "<group>"; };
		9056B2071D6F514C0094FE8D /* String+AddText.swift */ = {isa = PBXFileReference; fileEncoding = 4; lastKnownFileType = sourcecode.swift; path = "String+AddText.swift"; sourceTree = "<group>"; };
		905F7C7D1D526F28005E02EB /* LocationDetailsViewController.swift */ = {isa = PBXFileReference; fileEncoding = 4; lastKnownFileType = sourcecode.swift; path = LocationDetailsViewController.swift; sourceTree = "<group>"; };
		906B16941D6236AB00513F3A /* Functions.swift */ = {isa = PBXFileReference; fileEncoding = 4; lastKnownFileType = sourcecode.swift; path = Functions.swift; sourceTree = "<group>"; };
		906B16981D623CFE00513F3A /* DataModel.xcdatamodel */ = {isa = PBXFileReference; lastKnownFileType = wrapper.xcdatamodel; path = DataModel.xcdatamodel; sourceTree = "<group>"; };
		906B169A1D623F9300513F3A /* Location+CoreDataProperties.swift */ = {isa = PBXFileReference; fileEncoding = 4; lastKnownFileType = sourcecode.swift; name = "Location+CoreDataProperties.swift"; path = "../Location+CoreDataProperties.swift"; sourceTree = "<group>"; };
		906B169B1D623F9300513F3A /* Location.swift */ = {isa = PBXFileReference; fileEncoding = 4; lastKnownFileType = sourcecode.swift; name = Location.swift; path = ../Location.swift; sourceTree = "<group>"; };
		90AE35B61D6498B800325CCA /* LocationsViewController.swift */ = {isa = PBXFileReference; fileEncoding = 4; lastKnownFileType = sourcecode.swift; path = LocationsViewController.swift; sourceTree = "<group>"; };
		90AE35B81D64A0EE00325CCA /* LocationCell.swift */ = {isa = PBXFileReference; fileEncoding = 4; lastKnownFileType = sourcecode.swift; path = LocationCell.swift; sourceTree = "<group>"; };
		90CB2F9E1D58F77A00065CE6 /* CategoryPickerViewController.swift */ = {isa = PBXFileReference; fileEncoding = 4; lastKnownFileType = sourcecode.swift; path = CategoryPickerViewController.swift; sourceTree = "<group>"; };
/* End PBXFileReference section */

/* Begin PBXFrameworksBuildPhase section */
		9044FD861D50DE03008AB479 /* Frameworks */ = {
			isa = PBXFrameworksBuildPhase;
			buildActionMask = 2147483647;
			files = (
				9056B1F01D6603620094FE8D /* MapKit.framework in Frameworks */,
			);
			runOnlyForDeploymentPostprocessing = 0;
		};
/* End PBXFrameworksBuildPhase section */

/* Begin PBXGroup section */
		9044FD801D50DE03008AB479 = {
			isa = PBXGroup;
			children = (
				9056B1EF1D6603620094FE8D /* MapKit.framework */,
				9044FD8B1D50DE03008AB479 /* MyLocations */,
				9044FD8A1D50DE03008AB479 /* Products */,
			);
			sourceTree = "<group>";
		};
		9044FD8A1D50DE03008AB479 /* Products */ = {
			isa = PBXGroup;
			children = (
				9044FD891D50DE03008AB479 /* MyLocations.app */,
			);
			name = Products;
			sourceTree = "<group>";
		};
		9044FD8B1D50DE03008AB479 /* MyLocations */ = {
			isa = PBXGroup;
			children = (
				9044FDA21D50DEC8008AB479 /* Models */,
				9044FDA11D50DEC4008AB479 /* Views */,
				9044FDA01D50DEBC008AB479 /* Controllers */,
				906B16961D623CD900513F3A /* Utils */,
				9044FD9A1D50DE03008AB479 /* Info.plist */,
			);
			path = MyLocations;
			sourceTree = "<group>";
		};
		9044FDA01D50DEBC008AB479 /* Controllers */ = {
			isa = PBXGroup;
			children = (
				9044FD8C1D50DE03008AB479 /* AppDelegate.swift */,
				9044FD8E1D50DE03008AB479 /* CurrentLocationViewController.swift */,
				905F7C7D1D526F28005E02EB /* LocationDetailsViewController.swift */,
				90CB2F9E1D58F77A00065CE6 /* CategoryPickerViewController.swift */,
				90AE35B61D6498B800325CCA /* LocationsViewController.swift */,
				9056B1F11D6603C20094FE8D /* MapViewController.swift */,
			);
			name = Controllers;
			sourceTree = "<group>";
		};
		9044FDA11D50DEC4008AB479 /* Views */ = {
			isa = PBXGroup;
			children = (
				9044FD971D50DE03008AB479 /* LaunchScreen.storyboard */,
				9044FD951D50DE03008AB479 /* Assets.xcassets */,
				9044FD921D50DE03008AB479 /* Main.storyboard */,
				90566CF71D5BACDF006427B3 /* HudView.swift */,
				90AE35B81D64A0EE00325CCA /* LocationCell.swift */,
			);
			name = Views;
			sourceTree = "<group>";
		};
		9044FDA21D50DEC8008AB479 /* Models */ = {
			isa = PBXGroup;
			children = (
				906B169A1D623F9300513F3A /* Location+CoreDataProperties.swift */,
				906B169B1D623F9300513F3A /* Location.swift */,
				906B16971D623CFE00513F3A /* DataModel.xcdatamodeld */,
			);
			name = Models;
			sourceTree = "<group>";
		};
		906B16961D623CD900513F3A /* Utils */ = {
			isa = PBXGroup;
			children = (
				906B16941D6236AB00513F3A /* Functions.swift */,
				9056B2051D6F3F1C0094FE8D /* UIImage+Resize.swift */,
				9056B2071D6F514C0094FE8D /* String+AddText.swift */,
			);
			name = Utils;
			sourceTree = "<group>";
		};
/* End PBXGroup section */

/* Begin PBXNativeTarget section */
		9044FD881D50DE03008AB479 /* MyLocations */ = {
			isa = PBXNativeTarget;
			buildConfigurationList = 9044FD9D1D50DE03008AB479 /* Build configuration list for PBXNativeTarget "MyLocations" */;
			buildPhases = (
				9044FD851D50DE03008AB479 /* Sources */,
				9044FD861D50DE03008AB479 /* Frameworks */,
				9044FD871D50DE03008AB479 /* Resources */,
			);
			buildRules = (
			);
			dependencies = (
			);
			name = MyLocations;
			productName = MyLocations;
			productReference = 9044FD891D50DE03008AB479 /* MyLocations.app */;
			productType = "com.apple.product-type.application";
		};
/* End PBXNativeTarget section */

/* Begin PBXProject section */
		9044FD811D50DE03008AB479 /* Project object */ = {
			isa = PBXProject;
			attributes = {
				LastSwiftUpdateCheck = 0730;
				LastUpgradeCheck = 0730;
				ORGANIZATIONNAME = Microsoft;
				TargetAttributes = {
					9044FD881D50DE03008AB479 = {
						CreatedOnToolsVersion = 7.3.1;
					};
				};
			};
			buildConfigurationList = 9044FD841D50DE03008AB479 /* Build configuration list for PBXProject "MyLocations" */;
			compatibilityVersion = "Xcode 3.2";
			developmentRegion = English;
			hasScannedForEncodings = 0;
			knownRegions = (
				en,
				Base,
			);
			mainGroup = 9044FD801D50DE03008AB479;
			productRefGroup = 9044FD8A1D50DE03008AB479 /* Products */;
			projectDirPath = "";
			projectRoot = "";
			targets = (
				9044FD881D50DE03008AB479 /* MyLocations */,
			);
		};
/* End PBXProject section */

/* Begin PBXResourcesBuildPhase section */
		9044FD871D50DE03008AB479 /* Resources */ = {
			isa = PBXResourcesBuildPhase;
			buildActionMask = 2147483647;
			files = (
				9044FD991D50DE03008AB479 /* LaunchScreen.storyboard in Resources */,
				9044FD961D50DE03008AB479 /* Assets.xcassets in Resources */,
				9044FD941D50DE03008AB479 /* Main.storyboard in Resources */,
			);
			runOnlyForDeploymentPostprocessing = 0;
		};
/* End PBXResourcesBuildPhase section */

/* Begin PBXSourcesBuildPhase section */
		9044FD851D50DE03008AB479 /* Sources */ = {
			isa = PBXSourcesBuildPhase;
			buildActionMask = 2147483647;
			files = (
				905F7C7E1D526F28005E02EB /* LocationDetailsViewController.swift in Sources */,
				906B16991D623CFE00513F3A /* DataModel.xcdatamodeld in Sources */,
				906B169D1D623F9300513F3A /* Location.swift in Sources */,
				90AE35B71D6498B800325CCA /* LocationsViewController.swift in Sources */,
				90566CF81D5BACDF006427B3 /* HudView.swift in Sources */,
				9056B2061D6F3F1C0094FE8D /* UIImage+Resize.swift in Sources */,
				90AE35B91D64A0EE00325CCA /* LocationCell.swift in Sources */,
				906B16951D6236AB00513F3A /* Functions.swift in Sources */,
				9056B1F21D6603C20094FE8D /* MapViewController.swift in Sources */,
				9056B2081D6F514C0094FE8D /* String+AddText.swift in Sources */,
				906B169C1D623F9300513F3A /* Location+CoreDataProperties.swift in Sources */,
				9044FD8D1D50DE03008AB479 /* AppDelegate.swift in Sources */,
				90CB2F9F1D58F77A00065CE6 /* CategoryPickerViewController.swift in Sources */,
				9044FD8F1D50DE03008AB479 /* CurrentLocationViewController.swift in Sources */,
			);
			runOnlyForDeploymentPostprocessing = 0;
		};
/* End PBXSourcesBuildPhase section */

/* Begin PBXVariantGroup section */
		9044FD921D50DE03008AB479 /* Main.storyboard */ = {
			isa = PBXVariantGroup;
			children = (
				9044FD931D50DE03008AB479 /* Base */,
			);
			name = Main.storyboard;
			sourceTree = "<group>";
		};
		9044FD971D50DE03008AB479 /* LaunchScreen.storyboard */ = {
			isa = PBXVariantGroup;
			children = (
				9044FD981D50DE03008AB479 /* Base */,
			);
			name = LaunchScreen.storyboard;
			sourceTree = "<group>";
		};
/* End PBXVariantGroup section */

/* Begin XCBuildConfiguration section */
		9044FD9B1D50DE03008AB479 /* Debug */ = {
			isa = XCBuildConfiguration;
			buildSettings = {
				ALWAYS_SEARCH_USER_PATHS = NO;
				CLANG_ANALYZER_NONNULL = YES;
				CLANG_CXX_LANGUAGE_STANDARD = "gnu++0x";
				CLANG_CXX_LIBRARY = "libc++";
				CLANG_ENABLE_MODULES = YES;
				CLANG_ENABLE_OBJC_ARC = YES;
				CLANG_WARN_BOOL_CONVERSION = YES;
				CLANG_WARN_CONSTANT_CONVERSION = YES;
				CLANG_WARN_DIRECT_OBJC_ISA_USAGE = YES_ERROR;
				CLANG_WARN_EMPTY_BODY = YES;
				CLANG_WARN_ENUM_CONVERSION = YES;
				CLANG_WARN_INT_CONVERSION = YES;
				CLANG_WARN_OBJC_ROOT_CLASS = YES_ERROR;
				CLANG_WARN_UNREACHABLE_CODE = YES;
				CLANG_WARN__DUPLICATE_METHOD_MATCH = YES;
				"CODE_SIGN_IDENTITY[sdk=iphoneos*]" = "iPhone Developer";
				COPY_PHASE_STRIP = NO;
				DEBUG_INFORMATION_FORMAT = dwarf;
				ENABLE_STRICT_OBJC_MSGSEND = YES;
				ENABLE_TESTABILITY = YES;
				GCC_C_LANGUAGE_STANDARD = gnu99;
				GCC_DYNAMIC_NO_PIC = NO;
				GCC_NO_COMMON_BLOCKS = YES;
				GCC_OPTIMIZATION_LEVEL = 0;
				GCC_PREPROCESSOR_DEFINITIONS = (
					"DEBUG=1",
					"$(inherited)",
				);
				GCC_WARN_64_TO_32_BIT_CONVERSION = YES;
				GCC_WARN_ABOUT_RETURN_TYPE = YES_ERROR;
				GCC_WARN_UNDECLARED_SELECTOR = YES;
				GCC_WARN_UNINITIALIZED_AUTOS = YES_AGGRESSIVE;
				GCC_WARN_UNUSED_FUNCTION = YES;
				GCC_WARN_UNUSED_VARIABLE = YES;
				IPHONEOS_DEPLOYMENT_TARGET = 9.3;
				MTL_ENABLE_DEBUG_INFO = YES;
				ONLY_ACTIVE_ARCH = YES;
				SDKROOT = iphoneos;
				SWIFT_OPTIMIZATION_LEVEL = "-Onone";
			};
			name = Debug;
		};
		9044FD9C1D50DE03008AB479 /* Release */ = {
			isa = XCBuildConfiguration;
			buildSettings = {
				ALWAYS_SEARCH_USER_PATHS = NO;
				CLANG_ANALYZER_NONNULL = YES;
				CLANG_CXX_LANGUAGE_STANDARD = "gnu++0x";
				CLANG_CXX_LIBRARY = "libc++";
				CLANG_ENABLE_MODULES = YES;
				CLANG_ENABLE_OBJC_ARC = YES;
				CLANG_WARN_BOOL_CONVERSION = YES;
				CLANG_WARN_CONSTANT_CONVERSION = YES;
				CLANG_WARN_DIRECT_OBJC_ISA_USAGE = YES_ERROR;
				CLANG_WARN_EMPTY_BODY = YES;
				CLANG_WARN_ENUM_CONVERSION = YES;
				CLANG_WARN_INT_CONVERSION = YES;
				CLANG_WARN_OBJC_ROOT_CLASS = YES_ERROR;
				CLANG_WARN_UNREACHABLE_CODE = YES;
				CLANG_WARN__DUPLICATE_METHOD_MATCH = YES;
				"CODE_SIGN_IDENTITY[sdk=iphoneos*]" = "iPhone Developer";
				COPY_PHASE_STRIP = NO;
				DEBUG_INFORMATION_FORMAT = "dwarf-with-dsym";
				ENABLE_NS_ASSERTIONS = NO;
				ENABLE_STRICT_OBJC_MSGSEND = YES;
				GCC_C_LANGUAGE_STANDARD = gnu99;
				GCC_NO_COMMON_BLOCKS = YES;
				GCC_WARN_64_TO_32_BIT_CONVERSION = YES;
				GCC_WARN_ABOUT_RETURN_TYPE = YES_ERROR;
				GCC_WARN_UNDECLARED_SELECTOR = YES;
				GCC_WARN_UNINITIALIZED_AUTOS = YES_AGGRESSIVE;
				GCC_WARN_UNUSED_FUNCTION = YES;
				GCC_WARN_UNUSED_VARIABLE = YES;
				IPHONEOS_DEPLOYMENT_TARGET = 9.3;
				MTL_ENABLE_DEBUG_INFO = NO;
				SDKROOT = iphoneos;
				VALIDATE_PRODUCT = YES;
			};
			name = Release;
		};
		9044FD9E1D50DE03008AB479 /* Debug */ = {
			isa = XCBuildConfiguration;
			buildSettings = {
				ASSETCATALOG_COMPILER_APPICON_NAME = AppIcon;
				INFOPLIST_FILE = MyLocations/Info.plist;
				LD_RUNPATH_SEARCH_PATHS = "$(inherited) @executable_path/Frameworks";
				PRODUCT_BUNDLE_IDENTIFIER = com.microsoft.MyLocations;
				PRODUCT_NAME = "$(TARGET_NAME)";
			};
			name = Debug;
		};
		9044FD9F1D50DE03008AB479 /* Release */ = {
			isa = XCBuildConfiguration;
			buildSettings = {
				ASSETCATALOG_COMPILER_APPICON_NAME = AppIcon;
				INFOPLIST_FILE = MyLocations/Info.plist;
				LD_RUNPATH_SEARCH_PATHS = "$(inherited) @executable_path/Frameworks";
				PRODUCT_BUNDLE_IDENTIFIER = com.microsoft.MyLocations;
				PRODUCT_NAME = "$(TARGET_NAME)";
			};
			name = Release;
		};
/* End XCBuildConfiguration section */

/* Begin XCConfigurationList section */
		9044FD841D50DE03008AB479 /* Build configuration list for PBXProject "MyLocations" */ = {
			isa = XCConfigurationList;
			buildConfigurations = (
				9044FD9B1D50DE03008AB479 /* Debug */,
				9044FD9C1D50DE03008AB479 /* Release */,
			);
			defaultConfigurationIsVisible = 0;
			defaultConfigurationName = Release;
		};
		9044FD9D1D50DE03008AB479 /* Build configuration list for PBXNativeTarget "MyLocations" */ = {
			isa = XCConfigurationList;
			buildConfigurations = (
				9044FD9E1D50DE03008AB479 /* Debug */,
				9044FD9F1D50DE03008AB479 /* Release */,
			);
			defaultConfigurationIsVisible = 0;
			defaultConfigurationName = Release;
		};
/* End XCConfigurationList section */

/* Begin XCVersionGroup section */
		906B16971D623CFE00513F3A /* DataModel.xcdatamodeld */ = {
			isa = XCVersionGroup;
			children = (
				906B16981D623CFE00513F3A /* DataModel.xcdatamodel */,
			);
			currentVersion = 906B16981D623CFE00513F3A /* DataModel.xcdatamodel */;
			path = DataModel.xcdatamodeld;
			sourceTree = "<group>";
			versionGroupType = wrapper.xcdatamodel;
		};
/* End XCVersionGroup section */
	};
	rootObject = 9044FD811D50DE03008AB479 /* Project object */;
}
